// !$*UTF8*$!
{
	archiveVersion = 1;
	classes = {
	};
	objectVersion = 46;
	objects = {

/* Begin PBXBuildFile section */
		0D72ED1E1E988BB5005A5DB3 /* AppDelegate.swift in Sources */ = {isa = PBXBuildFile; fileRef = 0D72ED1D1E988BB5005A5DB3 /* AppDelegate.swift */; };
		0D72ED231E988BB5005A5DB3 /* Main.storyboard in Resources */ = {isa = PBXBuildFile; fileRef = 0D72ED211E988BB5005A5DB3 /* Main.storyboard */; };
		0D72ED251E988BB5005A5DB3 /* Assets.xcassets in Resources */ = {isa = PBXBuildFile; fileRef = 0D72ED241E988BB5005A5DB3 /* Assets.xcassets */; };
		0D72ED281E988BB5005A5DB3 /* LaunchScreen.storyboard in Resources */ = {isa = PBXBuildFile; fileRef = 0D72ED261E988BB5005A5DB3 /* LaunchScreen.storyboard */; };
		0D72ED311E988CA0005A5DB3 /* TweetTableViewController.swift in Sources */ = {isa = PBXBuildFile; fileRef = 0D72ED301E988CA0005A5DB3 /* TweetTableViewController.swift */; };
		0D72ED5F1E9A3C94005A5DB3 /* TweetTableViewCell.swift in Sources */ = {isa = PBXBuildFile; fileRef = 0D72ED5E1E9A3C94005A5DB3 /* TweetTableViewCell.swift */; };
		0DD535D61EA8EE0F004409CD /* Smash.xcdatamodeld in Sources */ = {isa = PBXBuildFile; fileRef = 0DD535D41EA8EE0F004409CD /* Smash.xcdatamodeld */; };
		0DD535D81EA8FBF2004409CD /* Twitter.framework in Frameworks */ = {isa = PBXBuildFile; fileRef = 0DD535D71EA8FBF2004409CD /* Twitter.framework */; };
		0DD535D91EA8FBF2004409CD /* Twitter.framework in Embed Frameworks */ = {isa = PBXBuildFile; fileRef = 0DD535D71EA8FBF2004409CD /* Twitter.framework */; settings = {ATTRIBUTES = (CodeSignOnCopy, RemoveHeadersOnCopy, ); }; };
		0DD535DB1EA907F1004409CD /* Tweet.swift in Sources */ = {isa = PBXBuildFile; fileRef = 0DD535DA1EA907F1004409CD /* Tweet.swift */; };
		0DD535DD1EA90825004409CD /* TwitterUser.swift in Sources */ = {isa = PBXBuildFile; fileRef = 0DD535DC1EA90825004409CD /* TwitterUser.swift */; };
		0DD535DF1EA90C34004409CD /* SmashTweetTableViewController.swift in Sources */ = {isa = PBXBuildFile; fileRef = 0DD535DE1EA90C34004409CD /* SmashTweetTableViewController.swift */; };
		0DD535E11EA9A2E0004409CD /* SmashTweetersTableViewController.swift in Sources */ = {isa = PBXBuildFile; fileRef = 0DD535E01EA9A2E0004409CD /* SmashTweetersTableViewController.swift */; };
		0DD535E31EA9A743004409CD /* FetchedResultsTableViewController.swift in Sources */ = {isa = PBXBuildFile; fileRef = 0DD535E21EA9A743004409CD /* FetchedResultsTableViewController.swift */; };
		0DD535E61EA9AC1C004409CD /* UITableViewDataSource+NSFetchedResultsController.swift in Sources */ = {isa = PBXBuildFile; fileRef = 0DD535E51EA9AC1C004409CD /* UITableViewDataSource+NSFetchedResultsController.swift */; };
/* End PBXBuildFile section */

/* Begin PBXCopyFilesBuildPhase section */
		75272C3F1E9B24B500D88975 /* Embed Frameworks */ = {
			isa = PBXCopyFilesBuildPhase;
			buildActionMask = 2147483647;
			dstPath = "";
			dstSubfolderSpec = 10;
			files = (
				0DD535D91EA8FBF2004409CD /* Twitter.framework in Embed Frameworks */,
			);
			name = "Embed Frameworks";
			runOnlyForDeploymentPostprocessing = 0;
		};
/* End PBXCopyFilesBuildPhase section */

/* Begin PBXFileReference section */
		0D72ED1A1E988BB5005A5DB3 /* Smashtag.app */ = {isa = PBXFileReference; explicitFileType = wrapper.application; includeInIndex = 0; path = Smashtag.app; sourceTree = BUILT_PRODUCTS_DIR; };
		0D72ED1D1E988BB5005A5DB3 /* AppDelegate.swift */ = {isa = PBXFileReference; lastKnownFileType = sourcecode.swift; path = AppDelegate.swift; sourceTree = "<group>"; };
		0D72ED221E988BB5005A5DB3 /* Base */ = {isa = PBXFileReference; lastKnownFileType = file.storyboard; name = Base; path = Base.lproj/Main.storyboard; sourceTree = "<group>"; };
		0D72ED241E988BB5005A5DB3 /* Assets.xcassets */ = {isa = PBXFileReference; lastKnownFileType = folder.assetcatalog; path = Assets.xcassets; sourceTree = "<group>"; };
		0D72ED271E988BB5005A5DB3 /* Base */ = {isa = PBXFileReference; lastKnownFileType = file.storyboard; name = Base; path = Base.lproj/LaunchScreen.storyboard; sourceTree = "<group>"; };
		0D72ED291E988BB5005A5DB3 /* Info.plist */ = {isa = PBXFileReference; lastKnownFileType = text.plist.xml; path = Info.plist; sourceTree = "<group>"; };
		0D72ED301E988CA0005A5DB3 /* TweetTableViewController.swift */ = {isa = PBXFileReference; fileEncoding = 4; lastKnownFileType = sourcecode.swift; path = TweetTableViewController.swift; sourceTree = "<group>"; };
		0D72ED521E98998D005A5DB3 /* Twitter.framework */ = {isa = PBXFileReference; lastKnownFileType = wrapper.framework; name = Twitter.framework; path = "../Twitter/build/Debug-iphoneos/Twitter.framework"; sourceTree = "<group>"; };
		0D72ED5E1E9A3C94005A5DB3 /* TweetTableViewCell.swift */ = {isa = PBXFileReference; fileEncoding = 4; lastKnownFileType = sourcecode.swift; path = TweetTableViewCell.swift; sourceTree = "<group>"; };
		0DD535B11EA8750B004409CD /* Twitter.framework */ = {isa = PBXFileReference; lastKnownFileType = wrapper.framework; name = Twitter.framework; path = "../../../../Library/Developer/Xcode/DerivedData/L9-bvoshzamzzftrmdqduqzviqhfewf/Build/Products/Debug-iphonesimulator/Twitter.framework"; sourceTree = "<group>"; };
		0DD535D51EA8EE0F004409CD /* Smash.xcdatamodel */ = {isa = PBXFileReference; lastKnownFileType = wrapper.xcdatamodel; path = Smash.xcdatamodel; sourceTree = "<group>"; };
		0DD535D71EA8FBF2004409CD /* Twitter.framework */ = {isa = PBXFileReference; explicitFileType = wrapper.framework; path = Twitter.framework; sourceTree = BUILT_PRODUCTS_DIR; };
		0DD535DA1EA907F1004409CD /* Tweet.swift */ = {isa = PBXFileReference; fileEncoding = 4; lastKnownFileType = sourcecode.swift; path = Tweet.swift; sourceTree = "<group>"; };
		0DD535DC1EA90825004409CD /* TwitterUser.swift */ = {isa = PBXFileReference; fileEncoding = 4; lastKnownFileType = sourcecode.swift; path = TwitterUser.swift; sourceTree = "<group>"; };
		0DD535DE1EA90C34004409CD /* SmashTweetTableViewController.swift */ = {isa = PBXFileReference; fileEncoding = 4; lastKnownFileType = sourcecode.swift; path = SmashTweetTableViewController.swift; sourceTree = "<group>"; };
		0DD535E01EA9A2E0004409CD /* SmashTweetersTableViewController.swift */ = {isa = PBXFileReference; fileEncoding = 4; lastKnownFileType = sourcecode.swift; path = SmashTweetersTableViewController.swift; sourceTree = "<group>"; };
		0DD535E21EA9A743004409CD /* FetchedResultsTableViewController.swift */ = {isa = PBXFileReference; fileEncoding = 4; lastKnownFileType = sourcecode.swift; path = FetchedResultsTableViewController.swift; sourceTree = "<group>"; };
		0DD535E51EA9AC1C004409CD /* UITableViewDataSource+NSFetchedResultsController.swift */ = {isa = PBXFileReference; fileEncoding = 4; lastKnownFileType = sourcecode.swift; path = "UITableViewDataSource+NSFetchedResultsController.swift"; sourceTree = "<group>"; };
/* End PBXFileReference section */

/* Begin PBXFrameworksBuildPhase section */
		0D72ED171E988BB5005A5DB3 /* Frameworks */ = {
			isa = PBXFrameworksBuildPhase;
			buildActionMask = 2147483647;
			files = (
				0DD535D81EA8FBF2004409CD /* Twitter.framework in Frameworks */,
			);
			runOnlyForDeploymentPostprocessing = 0;
		};
/* End PBXFrameworksBuildPhase section */

/* Begin PBXGroup section */
		0D72ED111E988BB5005A5DB3 = {
			isa = PBXGroup;
			children = (
				0DD535D71EA8FBF2004409CD /* Twitter.framework */,
				0D72ED1C1E988BB5005A5DB3 /* Smashtag */,
				0D72ED1B1E988BB5005A5DB3 /* Products */,
				0D72ED511E98998D005A5DB3 /* Frameworks */,
			);
			sourceTree = "<group>";
		};
		0D72ED1B1E988BB5005A5DB3 /* Products */ = {
			isa = PBXGroup;
			children = (
				0D72ED1A1E988BB5005A5DB3 /* Smashtag.app */,
			);
			name = Products;
			sourceTree = "<group>";
		};
		0D72ED1C1E988BB5005A5DB3 /* Smashtag */ = {
			isa = PBXGroup;
			children = (
				0D72ED211E988BB5005A5DB3 /* Main.storyboard */,
				0D72ED5E1E9A3C94005A5DB3 /* TweetTableViewCell.swift */,
				0D72ED301E988CA0005A5DB3 /* TweetTableViewController.swift */,
				0DD535E01EA9A2E0004409CD /* SmashTweetersTableViewController.swift */,
				0DD535DE1EA90C34004409CD /* SmashTweetTableViewController.swift */,
				0DD535E51EA9AC1C004409CD /* UITableViewDataSource+NSFetchedResultsController.swift */,
				0DD535E41EA9AA52004409CD /* core data */,
				0D72ED2F1E988C0A005A5DB3 /* Supporting Files */,
			);
			path = Smashtag;
			sourceTree = "<group>";
		};
		0D72ED2F1E988C0A005A5DB3 /* Supporting Files */ = {
			isa = PBXGroup;
			children = (
				0D72ED291E988BB5005A5DB3 /* Info.plist */,
				0D72ED1D1E988BB5005A5DB3 /* AppDelegate.swift */,
				0D72ED241E988BB5005A5DB3 /* Assets.xcassets */,
				0D72ED261E988BB5005A5DB3 /* LaunchScreen.storyboard */,
			);
			name = "Supporting Files";
			sourceTree = "<group>";
		};
		0D72ED511E98998D005A5DB3 /* Frameworks */ = {
			isa = PBXGroup;
			children = (
				0DD535B11EA8750B004409CD /* Twitter.framework */,
				0D72ED521E98998D005A5DB3 /* Twitter.framework */,
			);
			name = Frameworks;
			sourceTree = "<group>";
		};
		0DD535E41EA9AA52004409CD /* core data */ = {
			isa = PBXGroup;
			children = (
				0DD535E21EA9A743004409CD /* FetchedResultsTableViewController.swift */,
				0DD535D41EA8EE0F004409CD /* Smash.xcdatamodeld */,
				0DD535DA1EA907F1004409CD /* Tweet.swift */,
				0DD535DC1EA90825004409CD /* TwitterUser.swift */,
			);
			name = "core data";
			sourceTree = "<group>";
		};
/* End PBXGroup section */

/* Begin PBXNativeTarget section */
		0D72ED191E988BB5005A5DB3 /* Smashtag */ = {
			isa = PBXNativeTarget;
			buildConfigurationList = 0D72ED2C1E988BB5005A5DB3 /* Build configuration list for PBXNativeTarget "Smashtag" */;
			buildPhases = (
				0D72ED161E988BB5005A5DB3 /* Sources */,
				0D72ED171E988BB5005A5DB3 /* Frameworks */,
				0D72ED181E988BB5005A5DB3 /* Resources */,
				75272C3F1E9B24B500D88975 /* Embed Frameworks */,
			);
			buildRules = (
			);
			dependencies = (
			);
			name = Smashtag;
			productName = Smashtag;
			productReference = 0D72ED1A1E988BB5005A5DB3 /* Smashtag.app */;
			productType = "com.apple.product-type.application";
		};
/* End PBXNativeTarget section */

/* Begin PBXProject section */
		0D72ED121E988BB5005A5DB3 /* Project object */ = {
			isa = PBXProject;
			attributes = {
				LastSwiftUpdateCheck = 0820;
				LastUpgradeCheck = 0820;
				ORGANIZATIONNAME = Sixlivesleft;
				TargetAttributes = {
					0D72ED191E988BB5005A5DB3 = {
						CreatedOnToolsVersion = 8.2.1;
						DevelopmentTeam = 4MWX6CJSX5;
						ProvisioningStyle = Automatic;
					};
				};
			};
			buildConfigurationList = 0D72ED151E988BB5005A5DB3 /* Build configuration list for PBXProject "Smashtag" */;
			compatibilityVersion = "Xcode 3.2";
			developmentRegion = English;
			hasScannedForEncodings = 0;
			knownRegions = (
				en,
				Base,
			);
			mainGroup = 0D72ED111E988BB5005A5DB3;
			productRefGroup = 0D72ED1B1E988BB5005A5DB3 /* Products */;
			projectDirPath = "";
			projectRoot = "";
			targets = (
				0D72ED191E988BB5005A5DB3 /* Smashtag */,
			);
		};
/* End PBXProject section */

/* Begin PBXResourcesBuildPhase section */
		0D72ED181E988BB5005A5DB3 /* Resources */ = {
			isa = PBXResourcesBuildPhase;
			buildActionMask = 2147483647;
			files = (
				0D72ED281E988BB5005A5DB3 /* LaunchScreen.storyboard in Resources */,
				0D72ED251E988BB5005A5DB3 /* Assets.xcassets in Resources */,
				0D72ED231E988BB5005A5DB3 /* Main.storyboard in Resources */,
			);
			runOnlyForDeploymentPostprocessing = 0;
		};
/* End PBXResourcesBuildPhase section */

/* Begin PBXSourcesBuildPhase section */
		0D72ED161E988BB5005A5DB3 /* Sources */ = {
			isa = PBXSourcesBuildPhase;
			buildActionMask = 2147483647;
			files = (
				0DD535DF1EA90C34004409CD /* SmashTweetTableViewController.swift in Sources */,
				0DD535E31EA9A743004409CD /* FetchedResultsTableViewController.swift in Sources */,
				0DD535E61EA9AC1C004409CD /* UITableViewDataSource+NSFetchedResultsController.swift in Sources */,
				0D72ED1E1E988BB5005A5DB3 /* AppDelegate.swift in Sources */,
				0DD535DB1EA907F1004409CD /* Tweet.swift in Sources */,
				0DD535DD1EA90825004409CD /* TwitterUser.swift in Sources */,
				0D72ED311E988CA0005A5DB3 /* TweetTableViewController.swift in Sources */,
				0DD535D61EA8EE0F004409CD /* Smash.xcdatamodeld in Sources */,
				0D72ED5F1E9A3C94005A5DB3 /* TweetTableViewCell.swift in Sources */,
				0DD535E11EA9A2E0004409CD /* SmashTweetersTableViewController.swift in Sources */,
			);
			runOnlyForDeploymentPostprocessing = 0;
		};
/* End PBXSourcesBuildPhase section */

/* Begin PBXVariantGroup section */
		0D72ED211E988BB5005A5DB3 /* Main.storyboard */ = {
			isa = PBXVariantGroup;
			children = (
				0D72ED221E988BB5005A5DB3 /* Base */,
			);
			name = Main.storyboard;
			sourceTree = "<group>";
		};
		0D72ED261E988BB5005A5DB3 /* LaunchScreen.storyboard */ = {
			isa = PBXVariantGroup;
			children = (
				0D72ED271E988BB5005A5DB3 /* Base */,
			);
			name = LaunchScreen.storyboard;
			sourceTree = "<group>";
		};
/* End PBXVariantGroup section */

/* Begin XCBuildConfiguration section */
		0D72ED2A1E988BB5005A5DB3 /* Debug */ = {
			isa = XCBuildConfiguration;
			buildSettings = {
				ALWAYS_SEARCH_USER_PATHS = NO;
				CLANG_ANALYZER_NONNULL = YES;
				CLANG_CXX_LANGUAGE_STANDARD = "gnu++0x";
				CLANG_CXX_LIBRARY = "libc++";
				CLANG_ENABLE_MODULES = YES;
				CLANG_ENABLE_OBJC_ARC = YES;
				CLANG_WARN_BOOL_CONVERSION = YES;
				CLANG_WARN_CONSTANT_CONVERSION = YES;
				CLANG_WARN_DIRECT_OBJC_ISA_USAGE = YES_ERROR;
				CLANG_WARN_DOCUMENTATION_COMMENTS = YES;
				CLANG_WARN_EMPTY_BODY = YES;
				CLANG_WARN_ENUM_CONVERSION = YES;
				CLANG_WARN_INFINITE_RECURSION = YES;
				CLANG_WARN_INT_CONVERSION = YES;
				CLANG_WARN_OBJC_ROOT_CLASS = YES_ERROR;
				CLANG_WARN_SUSPICIOUS_MOVE = YES;
				CLANG_WARN_UNREACHABLE_CODE = YES;
				CLANG_WARN__DUPLICATE_METHOD_MATCH = YES;
				"CODE_SIGN_IDENTITY[sdk=iphoneos*]" = "iPhone Developer";
				COPY_PHASE_STRIP = NO;
				DEBUG_INFORMATION_FORMAT = dwarf;
				ENABLE_STRICT_OBJC_MSGSEND = YES;
				ENABLE_TESTABILITY = YES;
				GCC_C_LANGUAGE_STANDARD = gnu99;
				GCC_DYNAMIC_NO_PIC = NO;
				GCC_NO_COMMON_BLOCKS = YES;
				GCC_OPTIMIZATION_LEVEL = 0;
				GCC_PREPROCESSOR_DEFINITIONS = (
					"DEBUG=1",
					"$(inherited)",
				);
				GCC_WARN_64_TO_32_BIT_CONVERSION = YES;
				GCC_WARN_ABOUT_RETURN_TYPE = YES_ERROR;
				GCC_WARN_UNDECLARED_SELECTOR = YES;
				GCC_WARN_UNINITIALIZED_AUTOS = YES_AGGRESSIVE;
				GCC_WARN_UNUSED_FUNCTION = YES;
				GCC_WARN_UNUSED_VARIABLE = YES;
				IPHONEOS_DEPLOYMENT_TARGET = 10.2;
				MTL_ENABLE_DEBUG_INFO = YES;
				ONLY_ACTIVE_ARCH = YES;
				SDKROOT = iphoneos;
				SWIFT_ACTIVE_COMPILATION_CONDITIONS = DEBUG;
				SWIFT_OPTIMIZATION_LEVEL = "-Onone";
			};
			name = Debug;
		};
		0D72ED2B1E988BB5005A5DB3 /* Release */ = {
			isa = XCBuildConfiguration;
			buildSettings = {
				ALWAYS_SEARCH_USER_PATHS = NO;
				CLANG_ANALYZER_NONNULL = YES;
				CLANG_CXX_LANGUAGE_STANDARD = "gnu++0x";
				CLANG_CXX_LIBRARY = "libc++";
				CLANG_ENABLE_MODULES = YES;
				CLANG_ENABLE_OBJC_ARC = YES;
				CLANG_WARN_BOOL_CONVERSION = YES;
				CLANG_WARN_CONSTANT_CONVERSION = YES;
				CLANG_WARN_DIRECT_OBJC_ISA_USAGE = YES_ERROR;
				CLANG_WARN_DOCUMENTATION_COMMENTS = YES;
				CLANG_WARN_EMPTY_BODY = YES;
				CLANG_WARN_ENUM_CONVERSION = YES;
				CLANG_WARN_INFINITE_RECURSION = YES;
				CLANG_WARN_INT_CONVERSION = YES;
				CLANG_WARN_OBJC_ROOT_CLASS = YES_ERROR;
				CLANG_WARN_SUSPICIOUS_MOVE = YES;
				CLANG_WARN_UNREACHABLE_CODE = YES;
				CLANG_WARN__DUPLICATE_METHOD_MATCH = YES;
				"CODE_SIGN_IDENTITY[sdk=iphoneos*]" = "iPhone Developer";
				COPY_PHASE_STRIP = NO;
				DEBUG_INFORMATION_FORMAT = "dwarf-with-dsym";
				ENABLE_NS_ASSERTIONS = NO;
				ENABLE_STRICT_OBJC_MSGSEND = YES;
				GCC_C_LANGUAGE_STANDARD = gnu99;
				GCC_NO_COMMON_BLOCKS = YES;
				GCC_WARN_64_TO_32_BIT_CONVERSION = YES;
				GCC_WARN_ABOUT_RETURN_TYPE = YES_ERROR;
				GCC_WARN_UNDECLARED_SELECTOR = YES;
				GCC_WARN_UNINITIALIZED_AUTOS = YES_AGGRESSIVE;
				GCC_WARN_UNUSED_FUNCTION = YES;
				GCC_WARN_UNUSED_VARIABLE = YES;
				IPHONEOS_DEPLOYMENT_TARGET = 10.2;
				MTL_ENABLE_DEBUG_INFO = NO;
				SDKROOT = iphoneos;
				SWIFT_OPTIMIZATION_LEVEL = "-Owholemodule";
				VALIDATE_PRODUCT = YES;
			};
			name = Release;
		};
		0D72ED2D1E988BB5005A5DB3 /* Debug */ = {
			isa = XCBuildConfiguration;
			buildSettings = {
				ASSETCATALOG_COMPILER_APPICON_NAME = AppIcon;
				DEVELOPMENT_TEAM = 4MWX6CJSX5;
				INFOPLIST_FILE = Smashtag/Info.plist;
				IPHONEOS_DEPLOYMENT_TARGET = 10.1;
				LD_RUNPATH_SEARCH_PATHS = "$(inherited) @executable_path/Frameworks";
				PRODUCT_BUNDLE_IDENTIFIER = com.sixlivesleft.Smashtag;
				PRODUCT_NAME = "$(TARGET_NAME)";
				SWIFT_VERSION = 3.0;
			};
			name = Debug;
		};
		0D72ED2E1E988BB5005A5DB3 /* Release */ = {
			isa = XCBuildConfiguration;
			buildSettings = {
				ASSETCATALOG_COMPILER_APPICON_NAME = AppIcon;
				DEVELOPMENT_TEAM = 4MWX6CJSX5;
				INFOPLIST_FILE = Smashtag/Info.plist;
				IPHONEOS_DEPLOYMENT_TARGET = 10.1;
				LD_RUNPATH_SEARCH_PATHS = "$(inherited) @executable_path/Frameworks";
				PRODUCT_BUNDLE_IDENTIFIER = com.sixlivesleft.Smashtag;
				PRODUCT_NAME = "$(TARGET_NAME)";
				SWIFT_VERSION = 3.0;
			};
			name = Release;
		};
/* End XCBuildConfiguration section */

/* Begin XCConfigurationList section */
		0D72ED151E988BB5005A5DB3 /* Build configuration list for PBXProject "Smashtag" */ = {
			isa = XCConfigurationList;
			buildConfigurations = (
				0D72ED2A1E988BB5005A5DB3 /* Debug */,
				0D72ED2B1E988BB5005A5DB3 /* Release */,
			);
			defaultConfigurationIsVisible = 0;
			defaultConfigurationName = Release;
		};
		0D72ED2C1E988BB5005A5DB3 /* Build configuration list for PBXNativeTarget "Smashtag" */ = {
			isa = XCConfigurationList;
			buildConfigurations = (
				0D72ED2D1E988BB5005A5DB3 /* Debug */,
				0D72ED2E1E988BB5005A5DB3 /* Release */,
			);
			defaultConfigurationIsVisible = 0;
			defaultConfigurationName = Release;
		};
/* End XCConfigurationList section */

/* Begin XCVersionGroup section */
		0DD535D41EA8EE0F004409CD /* Smash.xcdatamodeld */ = {
			isa = XCVersionGroup;
			children = (
				0DD535D51EA8EE0F004409CD /* Smash.xcdatamodel */,
			);
			currentVersion = 0DD535D51EA8EE0F004409CD /* Smash.xcdatamodel */;
			path = Smash.xcdatamodeld;
			sourceTree = "<group>";
			versionGroupType = wrapper.xcdatamodel;
		};
/* End XCVersionGroup section */
	};
	rootObject = 0D72ED121E988BB5005A5DB3 /* Project object */;
}
